// !$*UTF8*$!
{
	archiveVersion = 1;
	classes = {
	};
	objectVersion = 77;
	objects = {

/* Begin PBXBuildFile section */
		D94B72442DA24F630018BD36 /* Debug.xcconfig in Resources */ = {isa = PBXBuildFile; fileRef = D94B72432DA24F630018BD36 /* Debug.xcconfig */; };
		D94B72462DA24F8B0018BD36 /* Release.xcconfig in Resources */ = {isa = PBXBuildFile; fileRef = D94B72452DA24F8B0018BD36 /* Release.xcconfig */; };
		D94B75DA2DADDE8B0018BD36 /* DGCharts in Frameworks */ = {isa = PBXBuildFile; productRef = D94B75D92DADDE8B0018BD36 /* DGCharts */; };
		D9B945852DB75A120099E665 /* README.md in Resources */ = {isa = PBXBuildFile; fileRef = D9B945842DB75A0A0099E665 /* README.md */; };
		D9B9473B2DBE28010099E665 /* .gitignore in Resources */ = {isa = PBXBuildFile; fileRef = D9B9473A2DBE27FB0099E665 /* .gitignore */; };
/* End PBXBuildFile section */

/* Begin PBXContainerItemProxy section */
		D9AAD60C2DA203A2009025CF /* PBXContainerItemProxy */ = {
			isa = PBXContainerItemProxy;
			containerPortal = D9AAD5F32DA2039F009025CF /* Project object */;
			proxyType = 1;
			remoteGlobalIDString = D9AAD5FA2DA2039F009025CF;
			remoteInfo = "My Moodz";
		};
		D9AAD6162DA203A2009025CF /* PBXContainerItemProxy */ = {
			isa = PBXContainerItemProxy;
			containerPortal = D9AAD5F32DA2039F009025CF /* Project object */;
			proxyType = 1;
			remoteGlobalIDString = D9AAD5FA2DA2039F009025CF;
			remoteInfo = "My Moodz";
		};
/* End PBXContainerItemProxy section */

/* Begin PBXFileReference section */
		D94B72432DA24F630018BD36 /* Debug.xcconfig */ = {isa = PBXFileReference; lastKnownFileType = text.xcconfig; name = Debug.xcconfig; path = Environments/Debug.xcconfig; sourceTree = "<group>"; };
		D94B72452DA24F8B0018BD36 /* Release.xcconfig */ = {isa = PBXFileReference; lastKnownFileType = text.xcconfig; name = Release.xcconfig; path = Environments/Release.xcconfig; sourceTree = "<group>"; };
		D9AAD5FB2DA2039F009025CF /* My Moodz.app */ = {isa = PBXFileReference; explicitFileType = wrapper.application; includeInIndex = 0; path = "My Moodz.app"; sourceTree = BUILT_PRODUCTS_DIR; };
		D9AAD60B2DA203A2009025CF /* My MoodzTests.xctest */ = {isa = PBXFileReference; explicitFileType = wrapper.cfbundle; includeInIndex = 0; path = "My MoodzTests.xctest"; sourceTree = BUILT_PRODUCTS_DIR; };
		D9AAD6152DA203A2009025CF /* My MoodzUITests.xctest */ = {isa = PBXFileReference; explicitFileType = wrapper.cfbundle; includeInIndex = 0; path = "My MoodzUITests.xctest"; sourceTree = BUILT_PRODUCTS_DIR; };
		D9B945842DB75A0A0099E665 /* README.md */ = {isa = PBXFileReference; lastKnownFileType = net.daringfireball.markdown; path = README.md; sourceTree = "<group>"; };
		D9B9473A2DBE27FB0099E665 /* .gitignore */ = {isa = PBXFileReference; lastKnownFileType = text; path = .gitignore; sourceTree = "<group>"; };
/* End PBXFileReference section */

/* Begin PBXFileSystemSynchronizedRootGroup section */
		D9AAD5FD2DA2039F009025CF /* MyMoodz */ = {
			isa = PBXFileSystemSynchronizedRootGroup;
			path = MyMoodz;
			sourceTree = "<group>";
		};
		D9AAD60E2DA203A2009025CF /* MyMoodzTests */ = {
			isa = PBXFileSystemSynchronizedRootGroup;
			path = MyMoodzTests;
			sourceTree = "<group>";
		};
		D9AAD6182DA203A2009025CF /* MyMoodzUITests */ = {
			isa = PBXFileSystemSynchronizedRootGroup;
			path = MyMoodzUITests;
			sourceTree = "<group>";
		};
/* End PBXFileSystemSynchronizedRootGroup section */

/* Begin PBXFrameworksBuildPhase section */
		D9AAD5F82DA2039F009025CF /* Frameworks */ = {
			isa = PBXFrameworksBuildPhase;
			buildActionMask = 2147483647;
			files = (
				D94B75DA2DADDE8B0018BD36 /* DGCharts in Frameworks */,
			);
			runOnlyForDeploymentPostprocessing = 0;
		};
		D9AAD6082DA203A2009025CF /* Frameworks */ = {
			isa = PBXFrameworksBuildPhase;
			buildActionMask = 2147483647;
			files = (
			);
			runOnlyForDeploymentPostprocessing = 0;
		};
		D9AAD6122DA203A2009025CF /* Frameworks */ = {
			isa = PBXFrameworksBuildPhase;
			buildActionMask = 2147483647;
			files = (
			);
			runOnlyForDeploymentPostprocessing = 0;
		};
/* End PBXFrameworksBuildPhase section */

/* Begin PBXGroup section */
		D9AAD5F22DA2039F009025CF = {
			isa = PBXGroup;
			children = (
				D94B72432DA24F630018BD36 /* Debug.xcconfig */,
				D94B72452DA24F8B0018BD36 /* Release.xcconfig */,
				D9B9473A2DBE27FB0099E665 /* .gitignore */,
				D9B945842DB75A0A0099E665 /* README.md */,
				D9AAD5FD2DA2039F009025CF /* MyMoodz */,
				D9AAD60E2DA203A2009025CF /* MyMoodzTests */,
				D9AAD6182DA203A2009025CF /* MyMoodzUITests */,
				D9AAD5FC2DA2039F009025CF /* Products */,
			);
			sourceTree = "<group>";
		};
		D9AAD5FC2DA2039F009025CF /* Products */ = {
			isa = PBXGroup;
			children = (
				D9AAD5FB2DA2039F009025CF /* My Moodz.app */,
				D9AAD60B2DA203A2009025CF /* My MoodzTests.xctest */,
				D9AAD6152DA203A2009025CF /* My MoodzUITests.xctest */,
			);
			name = Products;
			sourceTree = "<group>";
		};
/* End PBXGroup section */

/* Begin PBXNativeTarget section */
		D9AAD5FA2DA2039F009025CF /* My Moodz */ = {
			isa = PBXNativeTarget;
			buildConfigurationList = D9AAD61F2DA203A2009025CF /* Build configuration list for PBXNativeTarget "My Moodz" */;
			buildPhases = (
				D9AAD5F72DA2039F009025CF /* Sources */,
				D9AAD5F82DA2039F009025CF /* Frameworks */,
				D9AAD5F92DA2039F009025CF /* Resources */,
			);
			buildRules = (
			);
			dependencies = (
			);
			fileSystemSynchronizedGroups = (
				D9AAD5FD2DA2039F009025CF /* MyMoodz */,
			);
			name = "My Moodz";
			packageProductDependencies = (
				D94B75D92DADDE8B0018BD36 /* DGCharts */,
			);
			productName = "My Moodz";
			productReference = D9AAD5FB2DA2039F009025CF /* My Moodz.app */;
			productType = "com.apple.product-type.application";
		};
		D9AAD60A2DA203A2009025CF /* My MoodzTests */ = {
			isa = PBXNativeTarget;
			buildConfigurationList = D9AAD6222DA203A2009025CF /* Build configuration list for PBXNativeTarget "My MoodzTests" */;
			buildPhases = (
				D9AAD6072DA203A2009025CF /* Sources */,
				D9AAD6082DA203A2009025CF /* Frameworks */,
				D9AAD6092DA203A2009025CF /* Resources */,
			);
			buildRules = (
			);
			dependencies = (
				D9AAD60D2DA203A2009025CF /* PBXTargetDependency */,
			);
			fileSystemSynchronizedGroups = (
				D9AAD60E2DA203A2009025CF /* MyMoodzTests */,
			);
			name = "My MoodzTests";
			packageProductDependencies = (
			);
			productName = "My MoodzTests";
			productReference = D9AAD60B2DA203A2009025CF /* My MoodzTests.xctest */;
			productType = "com.apple.product-type.bundle.unit-test";
		};
		D9AAD6142DA203A2009025CF /* My MoodzUITests */ = {
			isa = PBXNativeTarget;
			buildConfigurationList = D9AAD6252DA203A2009025CF /* Build configuration list for PBXNativeTarget "My MoodzUITests" */;
			buildPhases = (
				D9AAD6112DA203A2009025CF /* Sources */,
				D9AAD6122DA203A2009025CF /* Frameworks */,
				D9AAD6132DA203A2009025CF /* Resources */,
			);
			buildRules = (
			);
			dependencies = (
				D9AAD6172DA203A2009025CF /* PBXTargetDependency */,
			);
			fileSystemSynchronizedGroups = (
				D9AAD6182DA203A2009025CF /* MyMoodzUITests */,
			);
			name = "My MoodzUITests";
			packageProductDependencies = (
			);
			productName = "My MoodzUITests";
			productReference = D9AAD6152DA203A2009025CF /* My MoodzUITests.xctest */;
			productType = "com.apple.product-type.bundle.ui-testing";
		};
/* End PBXNativeTarget section */

/* Begin PBXProject section */
		D9AAD5F32DA2039F009025CF /* Project object */ = {
			isa = PBXProject;
			attributes = {
				BuildIndependentTargetsInParallel = 1;
				LastSwiftUpdateCheck = 1630;
				LastUpgradeCheck = 1630;
				TargetAttributes = {
					D9AAD5FA2DA2039F009025CF = {
						CreatedOnToolsVersion = 16.3;
					};
					D9AAD60A2DA203A2009025CF = {
						CreatedOnToolsVersion = 16.3;
						TestTargetID = D9AAD5FA2DA2039F009025CF;
					};
					D9AAD6142DA203A2009025CF = {
						CreatedOnToolsVersion = 16.3;
						TestTargetID = D9AAD5FA2DA2039F009025CF;
					};
				};
			};
			buildConfigurationList = D9AAD5F62DA2039F009025CF /* Build configuration list for PBXProject "MyMoodz" */;
			developmentRegion = en;
			hasScannedForEncodings = 0;
			knownRegions = (
				en,
				Base,
			);
			mainGroup = D9AAD5F22DA2039F009025CF;
			minimizedProjectReferenceProxies = 1;
			packageReferences = (
				D94B75D82DADDE8B0018BD36 /* XCRemoteSwiftPackageReference "Charts" */,
			);
			preferredProjectObjectVersion = 77;
			productRefGroup = D9AAD5FC2DA2039F009025CF /* Products */;
			projectDirPath = "";
			projectRoot = "";
			targets = (
				D9AAD5FA2DA2039F009025CF /* My Moodz */,
				D9AAD60A2DA203A2009025CF /* My MoodzTests */,
				D9AAD6142DA203A2009025CF /* My MoodzUITests */,
			);
		};
/* End PBXProject section */

/* Begin PBXResourcesBuildPhase section */
		D9AAD5F92DA2039F009025CF /* Resources */ = {
			isa = PBXResourcesBuildPhase;
			buildActionMask = 2147483647;
			files = (
				D9B9473B2DBE28010099E665 /* .gitignore in Resources */,
				D94B72462DA24F8B0018BD36 /* Release.xcconfig in Resources */,
				D94B72442DA24F630018BD36 /* Debug.xcconfig in Resources */,
				D9B945852DB75A120099E665 /* README.md in Resources */,
			);
			runOnlyForDeploymentPostprocessing = 0;
		};
		D9AAD6092DA203A2009025CF /* Resources */ = {
			isa = PBXResourcesBuildPhase;
			buildActionMask = 2147483647;
			files = (
			);
			runOnlyForDeploymentPostprocessing = 0;
		};
		D9AAD6132DA203A2009025CF /* Resources */ = {
			isa = PBXResourcesBuildPhase;
			buildActionMask = 2147483647;
			files = (
			);
			runOnlyForDeploymentPostprocessing = 0;
		};
/* End PBXResourcesBuildPhase section */

/* Begin PBXSourcesBuildPhase section */
		D9AAD5F72DA2039F009025CF /* Sources */ = {
			isa = PBXSourcesBuildPhase;
			buildActionMask = 2147483647;
			files = (
			);
			runOnlyForDeploymentPostprocessing = 0;
		};
		D9AAD6072DA203A2009025CF /* Sources */ = {
			isa = PBXSourcesBuildPhase;
			buildActionMask = 2147483647;
			files = (
			);
			runOnlyForDeploymentPostprocessing = 0;
		};
		D9AAD6112DA203A2009025CF /* Sources */ = {
			isa = PBXSourcesBuildPhase;
			buildActionMask = 2147483647;
			files = (
			);
			runOnlyForDeploymentPostprocessing = 0;
		};
/* End PBXSourcesBuildPhase section */

/* Begin PBXTargetDependency section */
		D9AAD60D2DA203A2009025CF /* PBXTargetDependency */ = {
			isa = PBXTargetDependency;
			target = D9AAD5FA2DA2039F009025CF /* My Moodz */;
			targetProxy = D9AAD60C2DA203A2009025CF /* PBXContainerItemProxy */;
		};
		D9AAD6172DA203A2009025CF /* PBXTargetDependency */ = {
			isa = PBXTargetDependency;
			target = D9AAD5FA2DA2039F009025CF /* My Moodz */;
			targetProxy = D9AAD6162DA203A2009025CF /* PBXContainerItemProxy */;
		};
/* End PBXTargetDependency section */

/* Begin XCBuildConfiguration section */
		D9AAD61D2DA203A2009025CF /* Debug */ = {
			isa = XCBuildConfiguration;
			baseConfigurationReference = D94B72432DA24F630018BD36 /* Debug.xcconfig */;
			buildSettings = {
				ALWAYS_SEARCH_USER_PATHS = NO;
				ASSETCATALOG_COMPILER_GENERATE_SWIFT_ASSET_SYMBOL_EXTENSIONS = YES;
				CLANG_ANALYZER_NONNULL = YES;
				CLANG_ANALYZER_NUMBER_OBJECT_CONVERSION = YES_AGGRESSIVE;
				CLANG_CXX_LANGUAGE_STANDARD = "gnu++20";
				CLANG_ENABLE_MODULES = YES;
				CLANG_ENABLE_OBJC_ARC = YES;
				CLANG_ENABLE_OBJC_WEAK = YES;
				CLANG_WARN_BLOCK_CAPTURE_AUTORELEASING = YES;
				CLANG_WARN_BOOL_CONVERSION = YES;
				CLANG_WARN_COMMA = YES;
				CLANG_WARN_CONSTANT_CONVERSION = YES;
				CLANG_WARN_DEPRECATED_OBJC_IMPLEMENTATIONS = YES;
				CLANG_WARN_DIRECT_OBJC_ISA_USAGE = YES_ERROR;
				CLANG_WARN_DOCUMENTATION_COMMENTS = YES;
				CLANG_WARN_EMPTY_BODY = YES;
				CLANG_WARN_ENUM_CONVERSION = YES;
				CLANG_WARN_INFINITE_RECURSION = YES;
				CLANG_WARN_INT_CONVERSION = YES;
				CLANG_WARN_NON_LITERAL_NULL_CONVERSION = YES;
				CLANG_WARN_OBJC_IMPLICIT_RETAIN_SELF = YES;
				CLANG_WARN_OBJC_LITERAL_CONVERSION = YES;
				CLANG_WARN_OBJC_ROOT_CLASS = YES_ERROR;
				CLANG_WARN_QUOTED_INCLUDE_IN_FRAMEWORK_HEADER = YES;
				CLANG_WARN_RANGE_LOOP_ANALYSIS = YES;
				CLANG_WARN_STRICT_PROTOTYPES = YES;
				CLANG_WARN_SUSPICIOUS_MOVE = YES;
				CLANG_WARN_UNGUARDED_AVAILABILITY = YES_AGGRESSIVE;
				CLANG_WARN_UNREACHABLE_CODE = YES;
				CLANG_WARN__DUPLICATE_METHOD_MATCH = YES;
				COPY_PHASE_STRIP = NO;
				DEBUG_INFORMATION_FORMAT = dwarf;
				DEVELOPMENT_TEAM = 4R9D624PCC;
				ENABLE_STRICT_OBJC_MSGSEND = YES;
				ENABLE_TESTABILITY = YES;
				ENABLE_USER_SCRIPT_SANDBOXING = YES;
				GCC_C_LANGUAGE_STANDARD = gnu17;
				GCC_DYNAMIC_NO_PIC = NO;
				GCC_NO_COMMON_BLOCKS = YES;
				GCC_OPTIMIZATION_LEVEL = 0;
				GCC_PREPROCESSOR_DEFINITIONS = (
					"DEBUG=1",
					"$(inherited)",
				);
				GCC_WARN_64_TO_32_BIT_CONVERSION = YES;
				GCC_WARN_ABOUT_RETURN_TYPE = YES_ERROR;
				GCC_WARN_UNDECLARED_SELECTOR = YES;
				GCC_WARN_UNINITIALIZED_AUTOS = YES_AGGRESSIVE;
				GCC_WARN_UNUSED_FUNCTION = YES;
				GCC_WARN_UNUSED_VARIABLE = YES;
				LOCALIZATION_PREFERS_STRING_CATALOGS = YES;
				MTL_ENABLE_DEBUG_INFO = INCLUDE_SOURCE;
				MTL_FAST_MATH = YES;
				ONLY_ACTIVE_ARCH = YES;
				SWIFT_ACTIVE_COMPILATION_CONDITIONS = "DEBUG $(inherited)";
				SWIFT_OPTIMIZATION_LEVEL = "-Onone";
			};
			name = Debug;
		};
		D9AAD61E2DA203A2009025CF /* Release */ = {
			isa = XCBuildConfiguration;
			baseConfigurationReference = D94B72452DA24F8B0018BD36 /* Release.xcconfig */;
			buildSettings = {
				ALWAYS_SEARCH_USER_PATHS = NO;
				ASSETCATALOG_COMPILER_GENERATE_SWIFT_ASSET_SYMBOL_EXTENSIONS = YES;
				CLANG_ANALYZER_NONNULL = YES;
				CLANG_ANALYZER_NUMBER_OBJECT_CONVERSION = YES_AGGRESSIVE;
				CLANG_CXX_LANGUAGE_STANDARD = "gnu++20";
				CLANG_ENABLE_MODULES = YES;
				CLANG_ENABLE_OBJC_ARC = YES;
				CLANG_ENABLE_OBJC_WEAK = YES;
				CLANG_WARN_BLOCK_CAPTURE_AUTORELEASING = YES;
				CLANG_WARN_BOOL_CONVERSION = YES;
				CLANG_WARN_COMMA = YES;
				CLANG_WARN_CONSTANT_CONVERSION = YES;
				CLANG_WARN_DEPRECATED_OBJC_IMPLEMENTATIONS = YES;
				CLANG_WARN_DIRECT_OBJC_ISA_USAGE = YES_ERROR;
				CLANG_WARN_DOCUMENTATION_COMMENTS = YES;
				CLANG_WARN_EMPTY_BODY = YES;
				CLANG_WARN_ENUM_CONVERSION = YES;
				CLANG_WARN_INFINITE_RECURSION = YES;
				CLANG_WARN_INT_CONVERSION = YES;
				CLANG_WARN_NON_LITERAL_NULL_CONVERSION = YES;
				CLANG_WARN_OBJC_IMPLICIT_RETAIN_SELF = YES;
				CLANG_WARN_OBJC_LITERAL_CONVERSION = YES;
				CLANG_WARN_OBJC_ROOT_CLASS = YES_ERROR;
				CLANG_WARN_QUOTED_INCLUDE_IN_FRAMEWORK_HEADER = YES;
				CLANG_WARN_RANGE_LOOP_ANALYSIS = YES;
				CLANG_WARN_STRICT_PROTOTYPES = YES;
				CLANG_WARN_SUSPICIOUS_MOVE = YES;
				CLANG_WARN_UNGUARDED_AVAILABILITY = YES_AGGRESSIVE;
				CLANG_WARN_UNREACHABLE_CODE = YES;
				CLANG_WARN__DUPLICATE_METHOD_MATCH = YES;
				COPY_PHASE_STRIP = NO;
				DEBUG_INFORMATION_FORMAT = "dwarf-with-dsym";
				DEVELOPMENT_TEAM = 4R9D624PCC;
				ENABLE_NS_ASSERTIONS = NO;
				ENABLE_STRICT_OBJC_MSGSEND = YES;
				ENABLE_USER_SCRIPT_SANDBOXING = YES;
				GCC_C_LANGUAGE_STANDARD = gnu17;
				GCC_NO_COMMON_BLOCKS = YES;
				GCC_WARN_64_TO_32_BIT_CONVERSION = YES;
				GCC_WARN_ABOUT_RETURN_TYPE = YES_ERROR;
				GCC_WARN_UNDECLARED_SELECTOR = YES;
				GCC_WARN_UNINITIALIZED_AUTOS = YES_AGGRESSIVE;
				GCC_WARN_UNUSED_FUNCTION = YES;
				GCC_WARN_UNUSED_VARIABLE = YES;
				LOCALIZATION_PREFERS_STRING_CATALOGS = YES;
				MTL_ENABLE_DEBUG_INFO = NO;
				MTL_FAST_MATH = YES;
				SWIFT_ACTIVE_COMPILATION_CONDITIONS = PROD;
				SWIFT_COMPILATION_MODE = wholemodule;
			};
			name = Release;
		};
		D9AAD6202DA203A2009025CF /* Debug */ = {
			isa = XCBuildConfiguration;
			baseConfigurationReference = D94B72432DA24F630018BD36 /* Debug.xcconfig */;
			buildSettings = {
				ASSETCATALOG_COMPILER_APPICON_NAME = AppIcon;
				ASSETCATALOG_COMPILER_GLOBAL_ACCENT_COLOR_NAME = AccentColor;
				CODE_SIGN_ENTITLEMENTS = MyMoodz/MyMoodz.entitlements;
				"CODE_SIGN_IDENTITY[sdk=macosx*]" = "-";
				CODE_SIGN_STYLE = Automatic;
				CURRENT_PROJECT_VERSION = 3;
				DEVELOPMENT_TEAM = 4R9D624PCC;
				ENABLE_HARDENED_RUNTIME = YES;
				ENABLE_PREVIEWS = YES;
				GENERATE_INFOPLIST_FILE = YES;
				INFOPLIST_FILE = "MyMoodz/Resources/MyMoodz-Info.plist";
				INFOPLIST_KEY_LSApplicationCategoryType = "public.app-category.lifestyle";
				"INFOPLIST_KEY_UIApplicationSceneManifest_Generation[sdk=iphoneos*]" = YES;
				"INFOPLIST_KEY_UIApplicationSceneManifest_Generation[sdk=iphonesimulator*]" = YES;
				"INFOPLIST_KEY_UIApplicationSupportsIndirectInputEvents[sdk=iphoneos*]" = YES;
				"INFOPLIST_KEY_UIApplicationSupportsIndirectInputEvents[sdk=iphonesimulator*]" = YES;
				"INFOPLIST_KEY_UILaunchScreen_Generation[sdk=iphoneos*]" = YES;
				"INFOPLIST_KEY_UILaunchScreen_Generation[sdk=iphonesimulator*]" = YES;
				"INFOPLIST_KEY_UIStatusBarStyle[sdk=iphoneos*]" = UIStatusBarStyleDefault;
				"INFOPLIST_KEY_UIStatusBarStyle[sdk=iphonesimulator*]" = UIStatusBarStyleDefault;
				INFOPLIST_KEY_UISupportedInterfaceOrientations = "UIInterfaceOrientationLandscapeLeft UIInterfaceOrientationLandscapeRight UIInterfaceOrientationPortrait UIInterfaceOrientationPortraitUpsideDown";
				IPHONEOS_DEPLOYMENT_TARGET = 18.4;
				LD_RUNPATH_SEARCH_PATHS = "@executable_path/Frameworks";
				"LD_RUNPATH_SEARCH_PATHS[sdk=macosx*]" = "@executable_path/../Frameworks";
				MACOSX_DEPLOYMENT_TARGET = 14.0;
				MARKETING_VERSION = 1.0.1;
				PRODUCT_BUNDLE_IDENTIFIER = com.jcube.mymoodz;
				PRODUCT_NAME = "$(TARGET_NAME)";
				REGISTER_APP_GROUPS = YES;
				SDKROOT = auto;
				SUPPORTED_PLATFORMS = "iphoneos iphonesimulator macosx xros xrsimulator";
				SUPPORTS_MACCATALYST = NO;
				SWIFT_EMIT_LOC_STRINGS = YES;
				SWIFT_VERSION = 5.0;
				TARGETED_DEVICE_FAMILY = "1,7";
				XROS_DEPLOYMENT_TARGET = 2.4;
			};
			name = Debug;
		};
		D9AAD6212DA203A2009025CF /* Release */ = {
			isa = XCBuildConfiguration;
			baseConfigurationReference = D94B72452DA24F8B0018BD36 /* Release.xcconfig */;
			buildSettings = {
				ASSETCATALOG_COMPILER_APPICON_NAME = AppIcon;
				ASSETCATALOG_COMPILER_GLOBAL_ACCENT_COLOR_NAME = AccentColor;
				CODE_SIGN_ENTITLEMENTS = MyMoodz/MyMoodz.entitlements;
				CODE_SIGN_IDENTITY = "Apple Development";
				CODE_SIGN_STYLE = Automatic;
				CURRENT_PROJECT_VERSION = 3;
				DEVELOPMENT_TEAM = 4R9D624PCC;
				ENABLE_HARDENED_RUNTIME = YES;
				ENABLE_PREVIEWS = YES;
				GENERATE_INFOPLIST_FILE = YES;
				INFOPLIST_FILE = "MyMoodz/Resources/MyMoodz-Info.plist";
				INFOPLIST_KEY_LSApplicationCategoryType = "public.app-category.lifestyle";
				"INFOPLIST_KEY_UIApplicationSceneManifest_Generation[sdk=iphoneos*]" = YES;
				"INFOPLIST_KEY_UIApplicationSceneManifest_Generation[sdk=iphonesimulator*]" = YES;
				"INFOPLIST_KEY_UIApplicationSupportsIndirectInputEvents[sdk=iphoneos*]" = YES;
				"INFOPLIST_KEY_UIApplicationSupportsIndirectInputEvents[sdk=iphonesimulator*]" = YES;
				"INFOPLIST_KEY_UILaunchScreen_Generation[sdk=iphoneos*]" = YES;
				"INFOPLIST_KEY_UILaunchScreen_Generation[sdk=iphonesimulator*]" = YES;
				"INFOPLIST_KEY_UIStatusBarStyle[sdk=iphoneos*]" = UIStatusBarStyleDefault;
				"INFOPLIST_KEY_UIStatusBarStyle[sdk=iphonesimulator*]" = UIStatusBarStyleDefault;
				INFOPLIST_KEY_UISupportedInterfaceOrientations = "UIInterfaceOrientationLandscapeLeft UIInterfaceOrientationLandscapeRight UIInterfaceOrientationPortrait UIInterfaceOrientationPortraitUpsideDown";
				IPHONEOS_DEPLOYMENT_TARGET = 18.4;
				LD_RUNPATH_SEARCH_PATHS = "@executable_path/Frameworks";
				"LD_RUNPATH_SEARCH_PATHS[sdk=macosx*]" = "@executable_path/../Frameworks";
				MACOSX_DEPLOYMENT_TARGET = 14.0;
				MARKETING_VERSION = 1.0.1;
				PRODUCT_BUNDLE_IDENTIFIER = com.jcube.mymoodz;
				PRODUCT_NAME = "$(TARGET_NAME)";
				PROVISIONING_PROFILE_SPECIFIER = "";
				REGISTER_APP_GROUPS = YES;
				SDKROOT = auto;
				SUPPORTED_PLATFORMS = "iphoneos iphonesimulator macosx xros xrsimulator";
				SUPPORTS_MACCATALYST = NO;
				SWIFT_EMIT_LOC_STRINGS = YES;
				SWIFT_VERSION = 5.0;
				TARGETED_DEVICE_FAMILY = "1,7";
				XROS_DEPLOYMENT_TARGET = 2.4;
			};
			name = Release;
		};
		D9AAD6232DA203A2009025CF /* Debug */ = {
			isa = XCBuildConfiguration;
			baseConfigurationReference = D94B72432DA24F630018BD36 /* Debug.xcconfig */;
			buildSettings = {
				BUNDLE_LOADER = "$(TEST_HOST)";
				CODE_SIGN_STYLE = Automatic;
				CURRENT_PROJECT_VERSION = 1;
				DEVELOPMENT_TEAM = 4R9D624PCC;
				GENERATE_INFOPLIST_FILE = YES;
				IPHONEOS_DEPLOYMENT_TARGET = 18.4;
				MACOSX_DEPLOYMENT_TARGET = 15.3;
				MARKETING_VERSION = 1.0;
				PRODUCT_BUNDLE_IDENTIFIER = "com.jcube.mymoodz.My-MoodzTests";
				PRODUCT_NAME = "$(TARGET_NAME)";
				SDKROOT = auto;
				SUPPORTED_PLATFORMS = "iphoneos iphonesimulator macosx xros xrsimulator";
				SWIFT_EMIT_LOC_STRINGS = NO;
				SWIFT_VERSION = 5.0;
				TARGETED_DEVICE_FAMILY = "1,2,7";
				TEST_HOST = "$(BUILT_PRODUCTS_DIR)/My Moodz.app/$(BUNDLE_EXECUTABLE_FOLDER_PATH)/My Moodz";
				XROS_DEPLOYMENT_TARGET = 2.4;
			};
			name = Debug;
		};
		D9AAD6242DA203A2009025CF /* Release */ = {
			isa = XCBuildConfiguration;
			baseConfigurationReference = D94B72452DA24F8B0018BD36 /* Release.xcconfig */;
			buildSettings = {
				BUNDLE_LOADER = "$(TEST_HOST)";
				CODE_SIGN_STYLE = Automatic;
				CURRENT_PROJECT_VERSION = 1;
				DEVELOPMENT_TEAM = 4R9D624PCC;
				GENERATE_INFOPLIST_FILE = YES;
				IPHONEOS_DEPLOYMENT_TARGET = 18.4;
				MACOSX_DEPLOYMENT_TARGET = 15.3;
				MARKETING_VERSION = 1.0;
				PRODUCT_BUNDLE_IDENTIFIER = "com.jcube.mymoodz.My-MoodzTests";
				PRODUCT_NAME = "$(TARGET_NAME)";
				SDKROOT = auto;
				SUPPORTED_PLATFORMS = "iphoneos iphonesimulator macosx xros xrsimulator";
				SWIFT_EMIT_LOC_STRINGS = NO;
				SWIFT_VERSION = 5.0;
				TARGETED_DEVICE_FAMILY = "1,2,7";
				TEST_HOST = "$(BUILT_PRODUCTS_DIR)/My Moodz.app/$(BUNDLE_EXECUTABLE_FOLDER_PATH)/My Moodz";
				XROS_DEPLOYMENT_TARGET = 2.4;
			};
			name = Release;
		};
		D9AAD6262DA203A2009025CF /* Debug */ = {
			isa = XCBuildConfiguration;
			baseConfigurationReference = D94B72432DA24F630018BD36 /* Debug.xcconfig */;
			buildSettings = {
				CODE_SIGN_STYLE = Automatic;
				CURRENT_PROJECT_VERSION = 1;
				DEVELOPMENT_TEAM = 4R9D624PCC;
				GENERATE_INFOPLIST_FILE = YES;
				IPHONEOS_DEPLOYMENT_TARGET = 18.4;
				MACOSX_DEPLOYMENT_TARGET = 15.3;
				MARKETING_VERSION = 1.0;
				PRODUCT_BUNDLE_IDENTIFIER = "com.jcube.mymoodz.My-MoodzUITests";
				PRODUCT_NAME = "$(TARGET_NAME)";
				SDKROOT = auto;
				SUPPORTED_PLATFORMS = "iphoneos iphonesimulator macosx xros xrsimulator";
				SWIFT_EMIT_LOC_STRINGS = NO;
				SWIFT_VERSION = 5.0;
				TARGETED_DEVICE_FAMILY = "1,2,7";
				TEST_TARGET_NAME = "My Moodz";
				XROS_DEPLOYMENT_TARGET = 2.4;
			};
			name = Debug;
		};
		D9AAD6272DA203A2009025CF /* Release */ = {
			isa = XCBuildConfiguration;
			baseConfigurationReference = D94B72452DA24F8B0018BD36 /* Release.xcconfig */;
			buildSettings = {
				CODE_SIGN_STYLE = Automatic;
				CURRENT_PROJECT_VERSION = 1;
				DEVELOPMENT_TEAM = 4R9D624PCC;
				GENERATE_INFOPLIST_FILE = YES;
				IPHONEOS_DEPLOYMENT_TARGET = 18.4;
				MACOSX_DEPLOYMENT_TARGET = 15.3;
				MARKETING_VERSION = 1.0;
				PRODUCT_BUNDLE_IDENTIFIER = "com.jcube.mymoodz.My-MoodzUITests";
				PRODUCT_NAME = "$(TARGET_NAME)";
				SDKROOT = auto;
				SUPPORTED_PLATFORMS = "iphoneos iphonesimulator macosx xros xrsimulator";
				SWIFT_EMIT_LOC_STRINGS = NO;
				SWIFT_VERSION = 5.0;
				TARGETED_DEVICE_FAMILY = "1,2,7";
				TEST_TARGET_NAME = "My Moodz";
				XROS_DEPLOYMENT_TARGET = 2.4;
			};
			name = Release;
		};
/* End XCBuildConfiguration section */

/* Begin XCConfigurationList section */
		D9AAD5F62DA2039F009025CF /* Build configuration list for PBXProject "MyMoodz" */ = {
			isa = XCConfigurationList;
			buildConfigurations = (
				D9AAD61D2DA203A2009025CF /* Debug */,
				D9AAD61E2DA203A2009025CF /* Release */,
			);
			defaultConfigurationIsVisible = 0;
			defaultConfigurationName = Release;
		};
		D9AAD61F2DA203A2009025CF /* Build configuration list for PBXNativeTarget "My Moodz" */ = {
			isa = XCConfigurationList;
			buildConfigurations = (
				D9AAD6202DA203A2009025CF /* Debug */,
				D9AAD6212DA203A2009025CF /* Release */,
			);
			defaultConfigurationIsVisible = 0;
			defaultConfigurationName = Release;
		};
		D9AAD6222DA203A2009025CF /* Build configuration list for PBXNativeTarget "My MoodzTests" */ = {
			isa = XCConfigurationList;
			buildConfigurations = (
				D9AAD6232DA203A2009025CF /* Debug */,
				D9AAD6242DA203A2009025CF /* Release */,
			);
			defaultConfigurationIsVisible = 0;
			defaultConfigurationName = Release;
		};
		D9AAD6252DA203A2009025CF /* Build configuration list for PBXNativeTarget "My MoodzUITests" */ = {
			isa = XCConfigurationList;
			buildConfigurations = (
				D9AAD6262DA203A2009025CF /* Debug */,
				D9AAD6272DA203A2009025CF /* Release */,
			);
			defaultConfigurationIsVisible = 0;
			defaultConfigurationName = Release;
		};
/* End XCConfigurationList section */

/* Begin XCRemoteSwiftPackageReference section */
		D94B75D82DADDE8B0018BD36 /* XCRemoteSwiftPackageReference "Charts" */ = {
			isa = XCRemoteSwiftPackageReference;
			repositoryURL = "https://github.com/ChartsOrg/Charts.git";
			requirement = {
				kind = upToNextMajorVersion;
				minimumVersion = 5.1.0;
			};
		};
/* End XCRemoteSwiftPackageReference section */

/* Begin XCSwiftPackageProductDependency section */
		D94B75D92DADDE8B0018BD36 /* DGCharts */ = {
			isa = XCSwiftPackageProductDependency;
			package = D94B75D82DADDE8B0018BD36 /* XCRemoteSwiftPackageReference "Charts" */;
			productName = DGCharts;
		};
/* End XCSwiftPackageProductDependency section */
	};
	rootObject = D9AAD5F32DA2039F009025CF /* Project object */;
}
